
Microsoft Visual Studio Solution File, Format Version 12.00
# Visual Studio Version 17
VisualStudioVersion = 17.14.36408.4 d17.14
MinimumVisualStudioVersion = 10.0.40219.1
Project("{8BC9CEB8-8B4A-11D0-8D11-00A0C91BC942}") = "KMDF Driver3", "KMDF Driver3\KMDF Driver3.vcxproj", "{E1311481-5E98-757E-2462-DF75A171108A}"
EndProject
Global
	GlobalSection(SolutionConfigurationPlatforms) = preSolution
		Debug|ARM64 = Debug|ARM64
		Debug|x64 = Debug|x64
		Release|ARM64 = Release|ARM64
		Release|x64 = Release|x64
	EndGlobalSection
	GlobalSection(ProjectConfigurationPlatforms) = postSolution
		{E1311481-5E98-757E-2462-DF75A171108A}.Debug|ARM64.ActiveCfg = Debug|ARM64
		{E1311481-5E98-757E-2462-DF75A171108A}.Debug|ARM64.Build.0 = Debug|ARM64
		{E1311481-5E98-757E-2462-DF75A171108A}.Debug|ARM64.Deploy.0 = Debug|ARM64
		{E1311481-5E98-757E-2462-DF75A171108A}.Debug|x64.ActiveCfg = Debug|x64
		{E1311481-5E98-757E-2462-DF75A171108A}.Debug|x64.Build.0 = Debug|x64
		{E1311481-5E98-757E-2462-DF75A171108A}.Debug|x64.Deploy.0 = Debug|x64
		{E1311481-5E98-757E-2462-DF75A171108A}.Release|ARM64.ActiveCfg = Release|ARM64
		{E1311481-5E98-757E-2462-DF75A171108A}.Release|ARM64.Build.0 = Release|ARM64
		{E1311481-5E98-757E-2462-DF75A171108A}.Release|ARM64.Deploy.0 = Release|ARM64
		{E1311481-5E98-757E-2462-DF75A171108A}.Release|x64.ActiveCfg = Release|x64
		{E1311481-5E98-757E-2462-DF75A171108A}.Release|x64.Build.0 = Release|x64
		{E1311481-5E98-757E-2462-DF75A171108A}.Release|x64.Deploy.0 = Release|x64
	EndGlobalSection
	GlobalSection(SolutionProperties) = preSolution
		HideSolutionNode = FALSE
	EndGlobalSection
	GlobalSection(ExtensibilityGlobals) = postSolution
		SolutionGuid = {E2FF7B39-B9B7-4403-A4DC-5039C3FBFD36}
	EndGlobalSection
EndGlobal
